
Microsoft Visual Studio Solution File, Format Version 12.00
# Visual Studio Version 17
VisualStudioVersion = 17.3.32901.215
MinimumVisualStudioVersion = 10.0.40219.1
Project("{9A19103F-16F7-4668-BE54-9A1E7A4F7556}") = "GW2-DonBot", "Testing\GW2-DonBot.csproj", "{0AD8313B-5862-4F4C-8F04-930415225889}"
EndProject
Global
	GlobalSection(SolutionConfigurationPlatforms) = preSolution
		Debug|Any CPU = Debug|Any CPU
		Release|Any CPU = Release|Any CPU
	EndGlobalSection
	GlobalSection(ProjectConfigurationPlatforms) = postSolution
		{0AD8313B-5862-4F4C-8F04-930415225889}.Debug|Any CPU.ActiveCfg = Debug|Any CPU
		{0AD8313B-5862-4F4C-8F04-930415225889}.Debug|Any CPU.Build.0 = Debug|Any CPU
		{0AD8313B-5862-4F4C-8F04-930415225889}.Release|Any CPU.ActiveCfg = Release|Any CPU
		{0AD8313B-5862-4F4C-8F04-930415225889}.Release|Any CPU.Build.0 = Release|Any CPU
	EndGlobalSection
	GlobalSection(SolutionProperties) = preSolution
		HideSolutionNode = FALSE
	EndGlobalSection
	GlobalSection(ExtensibilityGlobals) = postSolution
		SolutionGuid = {3F89E6F3-8436-4454-A99F-E6AE9A3DE17B}
	EndGlobalSection
EndGlobal
